// !$*UTF8*$!
{
	archiveVersion = 1;
	classes = {
	};
	objectVersion = 50;
	objects = {

/* Begin PBXBuildFile section */
		1229D2F1268B47DA00BE0A5C /* AppDelegate.swift in Sources */ = {isa = PBXBuildFile; fileRef = 1229D2F0268B47DA00BE0A5C /* AppDelegate.swift */; };
		1229D2F3268B47DA00BE0A5C /* SceneDelegate.swift in Sources */ = {isa = PBXBuildFile; fileRef = 1229D2F2268B47DA00BE0A5C /* SceneDelegate.swift */; };
		1229D2F5268B47DA00BE0A5C /* ViewController.swift in Sources */ = {isa = PBXBuildFile; fileRef = 1229D2F4268B47DA00BE0A5C /* ViewController.swift */; };
		1229D2F8268B47DA00BE0A5C /* Main.storyboard in Resources */ = {isa = PBXBuildFile; fileRef = 1229D2F6268B47DA00BE0A5C /* Main.storyboard */; };
		1229D2FA268B47DB00BE0A5C /* Assets.xcassets in Resources */ = {isa = PBXBuildFile; fileRef = 1229D2F9268B47DB00BE0A5C /* Assets.xcassets */; };
		1229D2FD268B47DB00BE0A5C /* LaunchScreen.storyboard in Resources */ = {isa = PBXBuildFile; fileRef = 1229D2FB268B47DB00BE0A5C /* LaunchScreen.storyboard */; };
		1229D307268B4A3C00BE0A5C /* PuzzleListTableViewController.swift in Sources */ = {isa = PBXBuildFile; fileRef = 1229D306268B4A3C00BE0A5C /* PuzzleListTableViewController.swift */; };
		1229D309268B540F00BE0A5C /* PuzzleDetailViewController.swift in Sources */ = {isa = PBXBuildFile; fileRef = 1229D308268B540F00BE0A5C /* PuzzleDetailViewController.swift */; };
/* End PBXBuildFile section */

/* Begin PBXFileReference section */
		1229D2ED268B47DA00BE0A5C /* Puzzle.app */ = {isa = PBXFileReference; explicitFileType = wrapper.application; includeInIndex = 0; path = Puzzle.app; sourceTree = BUILT_PRODUCTS_DIR; };
		1229D2F0268B47DA00BE0A5C /* AppDelegate.swift */ = {isa = PBXFileReference; lastKnownFileType = sourcecode.swift; path = AppDelegate.swift; sourceTree = "<group>"; };
		1229D2F2268B47DA00BE0A5C /* SceneDelegate.swift */ = {isa = PBXFileReference; lastKnownFileType = sourcecode.swift; path = SceneDelegate.swift; sourceTree = "<group>"; };
		1229D2F4268B47DA00BE0A5C /* ViewController.swift */ = {isa = PBXFileReference; lastKnownFileType = sourcecode.swift; path = ViewController.swift; sourceTree = "<group>"; };
		1229D2F7268B47DA00BE0A5C /* Base */ = {isa = PBXFileReference; lastKnownFileType = file.storyboard; name = Base; path = Base.lproj/Main.storyboard; sourceTree = "<group>"; };
		1229D2F9268B47DB00BE0A5C /* Assets.xcassets */ = {isa = PBXFileReference; lastKnownFileType = folder.assetcatalog; path = Assets.xcassets; sourceTree = "<group>"; };
		1229D2FC268B47DB00BE0A5C /* Base */ = {isa = PBXFileReference; lastKnownFileType = file.storyboard; name = Base; path = Base.lproj/LaunchScreen.storyboard; sourceTree = "<group>"; };
		1229D2FE268B47DB00BE0A5C /* Info.plist */ = {isa = PBXFileReference; lastKnownFileType = text.plist.xml; path = Info.plist; sourceTree = "<group>"; };
		1229D306268B4A3C00BE0A5C /* PuzzleListTableViewController.swift */ = {isa = PBXFileReference; lastKnownFileType = sourcecode.swift; path = PuzzleListTableViewController.swift; sourceTree = "<group>"; };
		1229D308268B540F00BE0A5C /* PuzzleDetailViewController.swift */ = {isa = PBXFileReference; lastKnownFileType = sourcecode.swift; path = PuzzleDetailViewController.swift; sourceTree = "<group>"; };
/* End PBXFileReference section */

/* Begin PBXFrameworksBuildPhase section */
		1229D2EA268B47DA00BE0A5C /* Frameworks */ = {
			isa = PBXFrameworksBuildPhase;
			buildActionMask = 2147483647;
			files = (
			);
			runOnlyForDeploymentPostprocessing = 0;
		};
/* End PBXFrameworksBuildPhase section */

/* Begin PBXGroup section */
		1229D2E4268B47DA00BE0A5C = {
			isa = PBXGroup;
			children = (
				1229D2EF268B47DA00BE0A5C /* Puzzle */,
				1229D2EE268B47DA00BE0A5C /* Products */,
			);
			sourceTree = "<group>";
		};
		1229D2EE268B47DA00BE0A5C /* Products */ = {
			isa = PBXGroup;
			children = (
				1229D2ED268B47DA00BE0A5C /* Puzzle.app */,
			);
			name = Products;
			sourceTree = "<group>";
		};
		1229D2EF268B47DA00BE0A5C /* Puzzle */ = {
			isa = PBXGroup;
			children = (
				1229D2F0268B47DA00BE0A5C /* AppDelegate.swift */,
				1229D2F2268B47DA00BE0A5C /* SceneDelegate.swift */,
				1229D2F4268B47DA00BE0A5C /* ViewController.swift */,
				1229D306268B4A3C00BE0A5C /* PuzzleListTableViewController.swift */,
				1229D308268B540F00BE0A5C /* PuzzleDetailViewController.swift */,
				1229D2F6268B47DA00BE0A5C /* Main.storyboard */,
				1229D2F9268B47DB00BE0A5C /* Assets.xcassets */,
				1229D2FB268B47DB00BE0A5C /* LaunchScreen.storyboard */,
				1229D2FE268B47DB00BE0A5C /* Info.plist */,
			);
			path = Puzzle;
			sourceTree = "<group>";
		};
/* End PBXGroup section */

/* Begin PBXNativeTarget section */
		1229D2EC268B47DA00BE0A5C /* Puzzle */ = {
			isa = PBXNativeTarget;
			buildConfigurationList = 1229D301268B47DB00BE0A5C /* Build configuration list for PBXNativeTarget "Puzzle" */;
			buildPhases = (
				1229D2E9268B47DA00BE0A5C /* Sources */,
				1229D2EA268B47DA00BE0A5C /* Frameworks */,
				1229D2EB268B47DA00BE0A5C /* Resources */,
			);
			buildRules = (
			);
			dependencies = (
			);
			name = Puzzle;
			productName = Puzzle;
			productReference = 1229D2ED268B47DA00BE0A5C /* Puzzle.app */;
			productType = "com.apple.product-type.application";
		};
/* End PBXNativeTarget section */

/* Begin PBXProject section */
		1229D2E5268B47DA00BE0A5C /* Project object */ = {
			isa = PBXProject;
			attributes = {
				LastSwiftUpdateCheck = 1250;
				LastUpgradeCheck = 1250;
				TargetAttributes = {
					1229D2EC268B47DA00BE0A5C = {
						CreatedOnToolsVersion = 12.5;
					};
				};
			};
			buildConfigurationList = 1229D2E8268B47DA00BE0A5C /* Build configuration list for PBXProject "Puzzle" */;
			compatibilityVersion = "Xcode 9.3";
			developmentRegion = en;
			hasScannedForEncodings = 0;
			knownRegions = (
				en,
				Base,
			);
			mainGroup = 1229D2E4268B47DA00BE0A5C;
			productRefGroup = 1229D2EE268B47DA00BE0A5C /* Products */;
			projectDirPath = "";
			projectRoot = "";
			targets = (
				1229D2EC268B47DA00BE0A5C /* Puzzle */,
			);
		};
/* End PBXProject section */

/* Begin PBXResourcesBuildPhase section */
		1229D2EB268B47DA00BE0A5C /* Resources */ = {
			isa = PBXResourcesBuildPhase;
			buildActionMask = 2147483647;
			files = (
				1229D2FD268B47DB00BE0A5C /* LaunchScreen.storyboard in Resources */,
				1229D2FA268B47DB00BE0A5C /* Assets.xcassets in Resources */,
				1229D2F8268B47DA00BE0A5C /* Main.storyboard in Resources */,
			);
			runOnlyForDeploymentPostprocessing = 0;
		};
/* End PBXResourcesBuildPhase section */

/* Begin PBXSourcesBuildPhase section */
		1229D2E9268B47DA00BE0A5C /* Sources */ = {
			isa = PBXSourcesBuildPhase;
			buildActionMask = 2147483647;
			files = (
				1229D2F5268B47DA00BE0A5C /* ViewController.swift in Sources */,
				1229D309268B540F00BE0A5C /* PuzzleDetailViewController.swift in Sources */,
				1229D2F1268B47DA00BE0A5C /* AppDelegate.swift in Sources */,
				1229D2F3268B47DA00BE0A5C /* SceneDelegate.swift in Sources */,
				1229D307268B4A3C00BE0A5C /* PuzzleListTableViewController.swift in Sources */,
			);
			runOnlyForDeploymentPostprocessing = 0;
		};
/* End PBXSourcesBuildPhase section */

/* Begin PBXVariantGroup section */
		1229D2F6268B47DA00BE0A5C /* Main.storyboard */ = {
			isa = PBXVariantGroup;
			children = (
				1229D2F7268B47DA00BE0A5C /* Base */,
			);
			name = Main.storyboard;
			sourceTree = "<group>";
		};
		1229D2FB268B47DB00BE0A5C /* LaunchScreen.storyboard */ = {
			isa = PBXVariantGroup;
			children = (
				1229D2FC268B47DB00BE0A5C /* Base */,
			);
			name = LaunchScreen.storyboard;
			sourceTree = "<group>";
		};
/* End PBXVariantGroup section */

/* Begin XCBuildConfiguration section */
		1229D2FF268B47DB00BE0A5C /* Debug */ = {
			isa = XCBuildConfiguration;
			buildSettings = {
				ALWAYS_SEARCH_USER_PATHS = NO;
				CLANG_ANALYZER_NONNULL = YES;
				CLANG_ANALYZER_NUMBER_OBJECT_CONVERSION = YES_AGGRESSIVE;
				CLANG_CXX_LANGUAGE_STANDARD = "gnu++14";
				CLANG_CXX_LIBRARY = "libc++";
				CLANG_ENABLE_MODULES = YES;
				CLANG_ENABLE_OBJC_ARC = YES;
				CLANG_ENABLE_OBJC_WEAK = YES;
				CLANG_WARN_BLOCK_CAPTURE_AUTORELEASING = YES;
				CLANG_WARN_BOOL_CONVERSION = YES;
				CLANG_WARN_COMMA = YES;
				CLANG_WARN_CONSTANT_CONVERSION = YES;
				CLANG_WARN_DEPRECATED_OBJC_IMPLEMENTATIONS = YES;
				CLANG_WARN_DIRECT_OBJC_ISA_USAGE = YES_ERROR;
				CLANG_WARN_DOCUMENTATION_COMMENTS = YES;
				CLANG_WARN_EMPTY_BODY = YES;
				CLANG_WARN_ENUM_CONVERSION = YES;
				CLANG_WARN_INFINITE_RECURSION = YES;
				CLANG_WARN_INT_CONVERSION = YES;
				CLANG_WARN_NON_LITERAL_NULL_CONVERSION = YES;
				CLANG_WARN_OBJC_IMPLICIT_RETAIN_SELF = YES;
				CLANG_WARN_OBJC_LITERAL_CONVERSION = YES;
				CLANG_WARN_OBJC_ROOT_CLASS = YES_ERROR;
				CLANG_WARN_QUOTED_INCLUDE_IN_FRAMEWORK_HEADER = YES;
				CLANG_WARN_RANGE_LOOP_ANALYSIS = YES;
				CLANG_WARN_STRICT_PROTOTYPES = YES;
				CLANG_WARN_SUSPICIOUS_MOVE = YES;
				CLANG_WARN_UNGUARDED_AVAILABILITY = YES_AGGRESSIVE;
				CLANG_WARN_UNREACHABLE_CODE = YES;
				CLANG_WARN__DUPLICATE_METHOD_MATCH = YES;
				COPY_PHASE_STRIP = NO;
				DEBUG_INFORMATION_FORMAT = dwarf;
				ENABLE_STRICT_OBJC_MSGSEND = YES;
				ENABLE_TESTABILITY = YES;
				GCC_C_LANGUAGE_STANDARD = gnu11;
				GCC_DYNAMIC_NO_PIC = NO;
				GCC_NO_COMMON_BLOCKS = YES;
				GCC_OPTIMIZATION_LEVEL = 0;
				GCC_PREPROCESSOR_DEFINITIONS = (
					"DEBUG=1",
					"$(inherited)",
				);
				GCC_WARN_64_TO_32_BIT_CONVERSION = YES;
				GCC_WARN_ABOUT_RETURN_TYPE = YES_ERROR;
				GCC_WARN_UNDECLARED_SELECTOR = YES;
				GCC_WARN_UNINITIALIZED_AUTOS = YES_AGGRESSIVE;
				GCC_WARN_UNUSED_FUNCTION = YES;
				GCC_WARN_UNUSED_VARIABLE = YES;
				IPHONEOS_DEPLOYMENT_TARGET = 14.5;
				MTL_ENABLE_DEBUG_INFO = INCLUDE_SOURCE;
				MTL_FAST_MATH = YES;
				ONLY_ACTIVE_ARCH = YES;
				SDKROOT = iphoneos;
				SWIFT_ACTIVE_COMPILATION_CONDITIONS = DEBUG;
				SWIFT_OPTIMIZATION_LEVEL = "-Onone";
			};
			name = Debug;
		};
		1229D300268B47DB00BE0A5C /* Release */ = {
			isa = XCBuildConfiguration;
			buildSettings = {
				ALWAYS_SEARCH_USER_PATHS = NO;
				CLANG_ANALYZER_NONNULL = YES;
				CLANG_ANALYZER_NUMBER_OBJECT_CONVERSION = YES_AGGRESSIVE;
				CLANG_CXX_LANGUAGE_STANDARD = "gnu++14";
				CLANG_CXX_LIBRARY = "libc++";
				CLANG_ENABLE_MODULES = YES;
				CLANG_ENABLE_OBJC_ARC = YES;
				CLANG_ENABLE_OBJC_WEAK = YES;
				CLANG_WARN_BLOCK_CAPTURE_AUTORELEASING = YES;
				CLANG_WARN_BOOL_CONVERSION = YES;
				CLANG_WARN_COMMA = YES;
				CLANG_WARN_CONSTANT_CONVERSION = YES;
				CLANG_WARN_DEPRECATED_OBJC_IMPLEMENTATIONS = YES;
				CLANG_WARN_DIRECT_OBJC_ISA_USAGE = YES_ERROR;
				CLANG_WARN_DOCUMENTATION_COMMENTS = YES;
				CLANG_WARN_EMPTY_BODY = YES;
				CLANG_WARN_ENUM_CONVERSION = YES;
				CLANG_WARN_INFINITE_RECURSION = YES;
				CLANG_WARN_INT_CONVERSION = YES;
				CLANG_WARN_NON_LITERAL_NULL_CONVERSION = YES;
				CLANG_WARN_OBJC_IMPLICIT_RETAIN_SELF = YES;
				CLANG_WARN_OBJC_LITERAL_CONVERSION = YES;
				CLANG_WARN_OBJC_ROOT_CLASS = YES_ERROR;
				CLANG_WARN_QUOTED_INCLUDE_IN_FRAMEWORK_HEADER = YES;
				CLANG_WARN_RANGE_LOOP_ANALYSIS = YES;
				CLANG_WARN_STRICT_PROTOTYPES = YES;
				CLANG_WARN_SUSPICIOUS_MOVE = YES;
				CLANG_WARN_UNGUARDED_AVAILABILITY = YES_AGGRESSIVE;
				CLANG_WARN_UNREACHABLE_CODE = YES;
				CLANG_WARN__DUPLICATE_METHOD_MATCH = YES;
				COPY_PHASE_STRIP = NO;
				DEBUG_INFORMATION_FORMAT = "dwarf-with-dsym";
				ENABLE_NS_ASSERTIONS = NO;
				ENABLE_STRICT_OBJC_MSGSEND = YES;
				GCC_C_LANGUAGE_STANDARD = gnu11;
				GCC_NO_COMMON_BLOCKS = YES;
				GCC_WARN_64_TO_32_BIT_CONVERSION = YES;
				GCC_WARN_ABOUT_RETURN_TYPE = YES_ERROR;
				GCC_WARN_UNDECLARED_SELECTOR = YES;
				GCC_WARN_UNINITIALIZED_AUTOS = YES_AGGRESSIVE;
				GCC_WARN_UNUSED_FUNCTION = YES;
				GCC_WARN_UNUSED_VARIABLE = YES;
				IPHONEOS_DEPLOYMENT_TARGET = 14.5;
				MTL_ENABLE_DEBUG_INFO = NO;
				MTL_FAST_MATH = YES;
				SDKROOT = iphoneos;
				SWIFT_COMPILATION_MODE = wholemodule;
				SWIFT_OPTIMIZATION_LEVEL = "-O";
				VALIDATE_PRODUCT = YES;
			};
			name = Release;
		};
		1229D302268B47DB00BE0A5C /* Debug */ = {
			isa = XCBuildConfiguration;
			buildSettings = {
				ASSETCATALOG_COMPILER_APPICON_NAME = AppIcon;
				ASSETCATALOG_COMPILER_GLOBAL_ACCENT_COLOR_NAME = AccentColor;
				CODE_SIGN_STYLE = Automatic;
				INFOPLIST_FILE = Puzzle/Info.plist;
				IPHONEOS_DEPLOYMENT_TARGET = 14.4;
				LD_RUNPATH_SEARCH_PATHS = (
					"$(inherited)",
					"@executable_path/Frameworks",
				);
				PRODUCT_BUNDLE_IDENTIFIER = com.min.Puzzle;
				PRODUCT_NAME = "$(TARGET_NAME)";
				SWIFT_VERSION = 5.0;
				TARGETED_DEVICE_FAMILY = "1,2";
			};
			name = Debug;
		};
		1229D303268B47DB00BE0A5C /* Release */ = {
			isa = XCBuildConfiguration;
			buildSettings = {
				ASSETCATALOG_COMPILER_APPICON_NAME = AppIcon;
				ASSETCATALOG_COMPILER_GLOBAL_ACCENT_COLOR_NAME = AccentColor;
				CODE_SIGN_STYLE = Automatic;
				INFOPLIST_FILE = Puzzle/Info.plist;
				IPHONEOS_DEPLOYMENT_TARGET = 14.4;
				LD_RUNPATH_SEARCH_PATHS = (
					"$(inherited)",
					"@executable_path/Frameworks",
				);
				PRODUCT_BUNDLE_IDENTIFIER = com.min.Puzzle;
				PRODUCT_NAME = "$(TARGET_NAME)";
				SWIFT_VERSION = 5.0;
				TARGETED_DEVICE_FAMILY = "1,2";
			};
			name = Release;
		};
/* End XCBuildConfiguration section */

/* Begin XCConfigurationList section */
		1229D2E8268B47DA00BE0A5C /* Build configuration list for PBXProject "Puzzle" */ = {
			isa = XCConfigurationList;
			buildConfigurations = (
				1229D2FF268B47DB00BE0A5C /* Debug */,
				1229D300268B47DB00BE0A5C /* Release */,
			);
			defaultConfigurationIsVisible = 0;
			defaultConfigurationName = Release;
		};
		1229D301268B47DB00BE0A5C /* Build configuration list for PBXNativeTarget "Puzzle" */ = {
			isa = XCConfigurationList;
			buildConfigurations = (
				1229D302268B47DB00BE0A5C /* Debug */,
				1229D303268B47DB00BE0A5C /* Release */,
			);
			defaultConfigurationIsVisible = 0;
			defaultConfigurationName = Release;
		};
/* End XCConfigurationList section */
	};
	rootObject = 1229D2E5268B47DA00BE0A5C /* Project object */;
}
